
Microsoft Visual Studio Solution File, Format Version 12.00
# Visual Studio 15
VisualStudioVersion = 15.0.28307.1145
MinimumVisualStudioVersion = 10.0.40219.1
Project("{FAE04EC0-301F-11D3-BF4B-00C04F79EFBC}") = "upperComputer", "upperComputer\upperComputer.csproj", "{FAD70E45-C9F8-49BD-8D15-9D67F2E94B86}"
EndProject
Project("{FAE04EC0-301F-11D3-BF4B-00C04F79EFBC}") = "McProtocol", "McProtocol_CS\McProtocol\McProtocol.csproj", "{607EBD9E-4E24-441F-BF5A-0832A0146282}"
EndProject
Global
	GlobalSection(SolutionConfigurationPlatforms) = preSolution
		Debug|Any CPU = Debug|Any CPU
		Debug|x64 = Debug|x64
		Release|Any CPU = Release|Any CPU
		Release|x64 = Release|x64
	EndGlobalSection
	GlobalSection(ProjectConfigurationPlatforms) = postSolution
		{FAD70E45-C9F8-49BD-8D15-9D67F2E94B86}.Debug|Any CPU.ActiveCfg = Debug|Any CPU
		{FAD70E45-C9F8-49BD-8D15-9D67F2E94B86}.Debug|Any CPU.Build.0 = Debug|Any CPU
		{FAD70E45-C9F8-49BD-8D15-9D67F2E94B86}.Debug|x64.ActiveCfg = Debug|x64
		{FAD70E45-C9F8-49BD-8D15-9D67F2E94B86}.Debug|x64.Build.0 = Debug|x64
		{FAD70E45-C9F8-49BD-8D15-9D67F2E94B86}.Release|Any CPU.ActiveCfg = Release|Any CPU
		{FAD70E45-C9F8-49BD-8D15-9D67F2E94B86}.Release|Any CPU.Build.0 = Release|Any CPU
		{FAD70E45-C9F8-49BD-8D15-9D67F2E94B86}.Release|x64.ActiveCfg = Release|x64
		{FAD70E45-C9F8-49BD-8D15-9D67F2E94B86}.Release|x64.Build.0 = Release|x64
		{607EBD9E-4E24-441F-BF5A-0832A0146282}.Debug|Any CPU.ActiveCfg = Debug|Any CPU
		{607EBD9E-4E24-441F-BF5A-0832A0146282}.Debug|Any CPU.Build.0 = Debug|Any CPU
		{607EBD9E-4E24-441F-BF5A-0832A0146282}.Debug|x64.ActiveCfg = Debug|Any CPU
		{607EBD9E-4E24-441F-BF5A-0832A0146282}.Debug|x64.Build.0 = Debug|Any CPU
		{607EBD9E-4E24-441F-BF5A-0832A0146282}.Release|Any CPU.ActiveCfg = Release|Any CPU
		{607EBD9E-4E24-441F-BF5A-0832A0146282}.Release|Any CPU.Build.0 = Release|Any CPU
		{607EBD9E-4E24-441F-BF5A-0832A0146282}.Release|x64.ActiveCfg = Release|Any CPU
		{607EBD9E-4E24-441F-BF5A-0832A0146282}.Release|x64.Build.0 = Release|Any CPU
	EndGlobalSection
	GlobalSection(SolutionProperties) = preSolution
		HideSolutionNode = FALSE
	EndGlobalSection
	GlobalSection(ExtensibilityGlobals) = postSolution
		SolutionGuid = {E7021F4B-EBFC-4C43-B405-42ED6E147055}
	EndGlobalSection
EndGlobal
